
Microsoft Visual Studio Solution File, Format Version 12.00
# Visual Studio 15
VisualStudioVersion = 15.0.27130.2036
MinimumVisualStudioVersion = 10.0.40219.1
Project("{FAE04EC0-301F-11D3-BF4B-00C04F79EFBC}") = "JSCompiler.SyntaxHighlighter", "javascript-syntax-highlighter\JSCompiler.SyntaxHighlighter.csproj", "{D555ADB4-0161-4DF9-8098-1A72C03C1576}"
EndProject
Project("{FAE04EC0-301F-11D3-BF4B-00C04F79EFBC}") = "JSCompiler.Core", "JS.Core\JSCompiler.Core.csproj", "{C8DD3D07-6AE9-444B-8BA0-22DC633A9432}"
EndProject
Project("{FAE04EC0-301F-11D3-BF4B-00C04F79EFBC}") = "JSCompiler.Core.Tests", "JSCompiler.Core.Tests\JSCompiler.Core.Tests.csproj", "{86EEEA6F-B900-4BEE-8E62-9425D2BFD36B}"
EndProject
Global
	GlobalSection(SolutionConfigurationPlatforms) = preSolution
		Debug|Any CPU = Debug|Any CPU
		Debug|x64 = Debug|x64
		Debug|x86 = Debug|x86
		Release|Any CPU = Release|Any CPU
		Release|x64 = Release|x64
		Release|x86 = Release|x86
	EndGlobalSection
	GlobalSection(ProjectConfigurationPlatforms) = postSolution
		{D555ADB4-0161-4DF9-8098-1A72C03C1576}.Debug|Any CPU.ActiveCfg = Debug|Any CPU
		{D555ADB4-0161-4DF9-8098-1A72C03C1576}.Debug|Any CPU.Build.0 = Debug|Any CPU
		{D555ADB4-0161-4DF9-8098-1A72C03C1576}.Debug|x64.ActiveCfg = Debug|Any CPU
		{D555ADB4-0161-4DF9-8098-1A72C03C1576}.Debug|x64.Build.0 = Debug|Any CPU
		{D555ADB4-0161-4DF9-8098-1A72C03C1576}.Debug|x86.ActiveCfg = Debug|Any CPU
		{D555ADB4-0161-4DF9-8098-1A72C03C1576}.Debug|x86.Build.0 = Debug|Any CPU
		{D555ADB4-0161-4DF9-8098-1A72C03C1576}.Release|Any CPU.ActiveCfg = Release|Any CPU
		{D555ADB4-0161-4DF9-8098-1A72C03C1576}.Release|Any CPU.Build.0 = Release|Any CPU
		{D555ADB4-0161-4DF9-8098-1A72C03C1576}.Release|x64.ActiveCfg = Release|Any CPU
		{D555ADB4-0161-4DF9-8098-1A72C03C1576}.Release|x64.Build.0 = Release|Any CPU
		{D555ADB4-0161-4DF9-8098-1A72C03C1576}.Release|x86.ActiveCfg = Release|Any CPU
		{D555ADB4-0161-4DF9-8098-1A72C03C1576}.Release|x86.Build.0 = Release|Any CPU
		{C8DD3D07-6AE9-444B-8BA0-22DC633A9432}.Debug|Any CPU.ActiveCfg = Debug|Any CPU
		{C8DD3D07-6AE9-444B-8BA0-22DC633A9432}.Debug|Any CPU.Build.0 = Debug|Any CPU
		{C8DD3D07-6AE9-444B-8BA0-22DC633A9432}.Debug|x64.ActiveCfg = Debug|Any CPU
		{C8DD3D07-6AE9-444B-8BA0-22DC633A9432}.Debug|x64.Build.0 = Debug|Any CPU
		{C8DD3D07-6AE9-444B-8BA0-22DC633A9432}.Debug|x86.ActiveCfg = Debug|Any CPU
		{C8DD3D07-6AE9-444B-8BA0-22DC633A9432}.Debug|x86.Build.0 = Debug|Any CPU
		{C8DD3D07-6AE9-444B-8BA0-22DC633A9432}.Release|Any CPU.ActiveCfg = Release|Any CPU
		{C8DD3D07-6AE9-444B-8BA0-22DC633A9432}.Release|Any CPU.Build.0 = Release|Any CPU
		{C8DD3D07-6AE9-444B-8BA0-22DC633A9432}.Release|x64.ActiveCfg = Release|Any CPU
		{C8DD3D07-6AE9-444B-8BA0-22DC633A9432}.Release|x64.Build.0 = Release|Any CPU
		{C8DD3D07-6AE9-444B-8BA0-22DC633A9432}.Release|x86.ActiveCfg = Release|Any CPU
		{C8DD3D07-6AE9-444B-8BA0-22DC633A9432}.Release|x86.Build.0 = Release|Any CPU
		{86EEEA6F-B900-4BEE-8E62-9425D2BFD36B}.Debug|Any CPU.ActiveCfg = Debug|Any CPU
		{86EEEA6F-B900-4BEE-8E62-9425D2BFD36B}.Debug|Any CPU.Build.0 = Debug|Any CPU
		{86EEEA6F-B900-4BEE-8E62-9425D2BFD36B}.Debug|x64.ActiveCfg = Debug|Any CPU
		{86EEEA6F-B900-4BEE-8E62-9425D2BFD36B}.Debug|x64.Build.0 = Debug|Any CPU
		{86EEEA6F-B900-4BEE-8E62-9425D2BFD36B}.Debug|x86.ActiveCfg = Debug|Any CPU
		{86EEEA6F-B900-4BEE-8E62-9425D2BFD36B}.Debug|x86.Build.0 = Debug|Any CPU
		{86EEEA6F-B900-4BEE-8E62-9425D2BFD36B}.Release|Any CPU.ActiveCfg = Release|Any CPU
		{86EEEA6F-B900-4BEE-8E62-9425D2BFD36B}.Release|Any CPU.Build.0 = Release|Any CPU
		{86EEEA6F-B900-4BEE-8E62-9425D2BFD36B}.Release|x64.ActiveCfg = Release|Any CPU
		{86EEEA6F-B900-4BEE-8E62-9425D2BFD36B}.Release|x64.Build.0 = Release|Any CPU
		{86EEEA6F-B900-4BEE-8E62-9425D2BFD36B}.Release|x86.ActiveCfg = Release|Any CPU
		{86EEEA6F-B900-4BEE-8E62-9425D2BFD36B}.Release|x86.Build.0 = Release|Any CPU
	EndGlobalSection
	GlobalSection(SolutionProperties) = preSolution
		HideSolutionNode = FALSE
	EndGlobalSection
	GlobalSection(ExtensibilityGlobals) = postSolution
		SolutionGuid = {4D495C27-7CDB-4B11-9A8B-0919861303BC}
	EndGlobalSection
EndGlobal
