<?xml version="1.0" encoding="utf-8"?>
<Project ToolsVersion="14.0" xmlns="http://schemas.microsoft.com/developer/msbuild/2003">
  <ItemGroup>
    <Filter Include="googletest">
      <UniqueIdentifier>{E2296FC4-CEE1-B011-37E9-896D23C04B02}</UniqueIdentifier>
    </Filter>
    <Filter Include="googletest\googlemock">
      <UniqueIdentifier>{65B8EA6D-D124-A668-9A18-3EC60644C8D0}</UniqueIdentifier>
    </Filter>
    <Filter Include="googletest\googlemock\src">
      <UniqueIdentifier>{09CEDE5B-7590-12E6-BE40-A1722A42EBC3}</UniqueIdentifier>
    </Filter>
    <Filter Include="googletest\googlemock\include">
      <UniqueIdentifier>{65E05AA0-D1F8-41CA-9AA5-D163067DD663}</UniqueIdentifier>
    </Filter>
    <Filter Include="googletest\googlemock\include\gmock">
      <UniqueIdentifier>{92F8DC2D-FEB1-47D8-8711-62B2F3C9FD47}</UniqueIdentifier>
    </Filter>
  </ItemGroup>
  <ItemGroup>
    <ClInclude Include="googletest\googlemock\include\gmock\gmock-actions.h">
      <Filter>googletest\googlemock\include\gmock</Filter>
    </ClInclude>
    <ClInclude Include="googletest\googlemock\include\gmock\gmock-cardinalities.h">
      <Filter>googletest\googlemock\include\gmock</Filter>
    </ClInclude>
    <ClInclude Include="googletest\googlemock\include\gmock\gmock-generated-actions.h">
      <Filter>googletest\googlemock\include\gmock</Filter>
    </ClInclude>
    <ClInclude Include="googletest\googlemock\include\gmock\gmock-generated-function-mockers.h">
      <Filter>googletest\googlemock\include\gmock</Filter>
    </ClInclude>
    <ClInclude Include="googletest\googlemock\include\gmock\gmock-generated-matchers.h">
      <Filter>googletest\googlemock\include\gmock</Filter>
    </ClInclude>
    <ClInclude Include="googletest\googlemock\include\gmock\gmock-generated-nice-strict.h">
      <Filter>googletest\googlemock\include\gmock</Filter>
    </ClInclude>
    <ClInclude Include="googletest\googlemock\include\gmock\gmock-matchers.h">
      <Filter>googletest\googlemock\include\gmock</Filter>
    </ClInclude>
    <ClInclude Include="googletest\googlemock\include\gmock\gmock-more-actions.h">
      <Filter>googletest\googlemock\include\gmock</Filter>
    </ClInclude>
    <ClInclude Include="googletest\googlemock\include\gmock\gmock-more-matchers.h">
      <Filter>googletest\googlemock\include\gmock</Filter>
    </ClInclude>
    <ClInclude Include="googletest\googlemock\include\gmock\gmock-spec-builders.h">
      <Filter>googletest\googlemock\include\gmock</Filter>
    </ClInclude>
    <ClInclude Include="googletest\googlemock\include\gmock\gmock.h">
      <Filter>googletest\googlemock\include\gmock</Filter>
    </ClInclude>
  </ItemGroup>
  <ItemGroup>
    <ClCompile Include="googletest\googlemock\src\gmock-all.cc">
      <Filter>googletest\googlemock\src</Filter>
    </ClCompile>
  </ItemGroup>
</Project>
