
Microsoft Visual Studio Solution File, Format Version 12.00
# Visual Studio 14
Project("{8BC9CEB8-8B4A-11D0-8D11-00A0C91BC942}") = "sprun", "sprun.vcxproj", "{FD605F10-6975-87C1-32F7-2A219ECA83F2}"
	ProjectSection(ProjectDependencies) = postProject
		{AE0A9E7C-9A41-9F0D-432E-85102F441B0F} = {AE0A9E7C-9A41-9F0D-432E-85102F441B0F}
	EndProjectSection
EndProject
Project("{8BC9CEB8-8B4A-11D0-8D11-00A0C91BC942}") = "sprt", "sprt.vcxproj", "{AE0A9E7C-9A41-9F0D-432E-85102F441B0F}"
EndProject
Project("{8BC9CEB8-8B4A-11D0-8D11-00A0C91BC942}") = "spasm", "spasm.vcxproj", "{69185F10-D52C-87C1-9EAE-2A210A8283F2}"
EndProject
Global
	GlobalSection(SolutionConfigurationPlatforms) = preSolution
		Debug|x64 = Debug|x64
		Release|x64 = Release|x64
	EndGlobalSection
	GlobalSection(ProjectConfigurationPlatforms) = postSolution
		{FD605F10-6975-87C1-32F7-2A219ECA83F2}.Debug|x64.ActiveCfg = Debug|x64
		{FD605F10-6975-87C1-32F7-2A219ECA83F2}.Debug|x64.Build.0 = Debug|x64
		{FD605F10-6975-87C1-32F7-2A219ECA83F2}.Release|x64.ActiveCfg = Release|x64
		{FD605F10-6975-87C1-32F7-2A219ECA83F2}.Release|x64.Build.0 = Release|x64
		{AE0A9E7C-9A41-9F0D-432E-85102F441B0F}.Debug|x64.ActiveCfg = Debug|x64
		{AE0A9E7C-9A41-9F0D-432E-85102F441B0F}.Debug|x64.Build.0 = Debug|x64
		{AE0A9E7C-9A41-9F0D-432E-85102F441B0F}.Release|x64.ActiveCfg = Release|x64
		{AE0A9E7C-9A41-9F0D-432E-85102F441B0F}.Release|x64.Build.0 = Release|x64
		{69185F10-D52C-87C1-9EAE-2A210A8283F2}.Debug|x64.ActiveCfg = Debug|x64
		{69185F10-D52C-87C1-9EAE-2A210A8283F2}.Debug|x64.Build.0 = Debug|x64
		{69185F10-D52C-87C1-9EAE-2A210A8283F2}.Release|x64.ActiveCfg = Release|x64
		{69185F10-D52C-87C1-9EAE-2A210A8283F2}.Release|x64.Build.0 = Release|x64
	EndGlobalSection
	GlobalSection(SolutionProperties) = preSolution
		HideSolutionNode = FALSE
	EndGlobalSection
	GlobalSection(NestedProjects) = preSolution
	EndGlobalSection
EndGlobal
