
Microsoft Visual Studio Solution File, Format Version 12.00
# Visual Studio 15
VisualStudioVersion = 15.0.28010.2046
MinimumVisualStudioVersion = 10.0.40219.1
Project("{FAE04EC0-301F-11D3-BF4B-00C04F79EFBC}") = "js2html", "js2html\js2html.csproj", "{F24F2735-3469-4C6E-98C6-54C88F825338}"
EndProject
Global
	GlobalSection(SolutionConfigurationPlatforms) = preSolution
		Debug|Any CPU = Debug|Any CPU
		Release|Any CPU = Release|Any CPU
	EndGlobalSection
	GlobalSection(ProjectConfigurationPlatforms) = postSolution
		{F24F2735-3469-4C6E-98C6-54C88F825338}.Debug|Any CPU.ActiveCfg = Debug|Any CPU
		{F24F2735-3469-4C6E-98C6-54C88F825338}.Debug|Any CPU.Build.0 = Debug|Any CPU
		{F24F2735-3469-4C6E-98C6-54C88F825338}.Release|Any CPU.ActiveCfg = Release|Any CPU
		{F24F2735-3469-4C6E-98C6-54C88F825338}.Release|Any CPU.Build.0 = Release|Any CPU
	EndGlobalSection
	GlobalSection(SolutionProperties) = preSolution
		HideSolutionNode = FALSE
	EndGlobalSection
	GlobalSection(ExtensibilityGlobals) = postSolution
		SolutionGuid = {01774CB8-E2C5-48CC-A37E-02EB76954E6D}
	EndGlobalSection
EndGlobal
