<?xml version="1.0" encoding="utf-8"?>
<Project ToolsVersion="16.0" xmlns="http://schemas.microsoft.com/developer/msbuild/2003">
  <ItemGroup>
    <Filter Include="test">
      <UniqueIdentifier>{65689E7C-519F-9F0D-FA8B-8510E6A11B0F}</UniqueIdentifier>
    </Filter>
    <Filter Include="test\googletest">
      <UniqueIdentifier>{3EADE347-AA38-510C-B349-D4001F54AD0C}</UniqueIdentifier>
    </Filter>
    <Filter Include="test\googletest\googlemock">
      <UniqueIdentifier>{41EA1C81-2DFA-C851-96B3-2D7082E2B7EA}</UniqueIdentifier>
    </Filter>
    <Filter Include="test\googletest\googlemock\src">
      <UniqueIdentifier>{E58D4E3E-D1B3-18A5-BAF9-9D70A6BE3D71}</UniqueIdentifier>
    </Filter>
    <Filter Include="test\googletest\googlemock\include">
      <UniqueIdentifier>{412E1FB2-2D6A-221C-967C-3A1382D7CA36}</UniqueIdentifier>
    </Filter>
    <Filter Include="test\googletest\googlemock\include\gmock">
      <UniqueIdentifier>{6E3BF3ED-5AB8-E630-8335-E7446F1183C4}</UniqueIdentifier>
    </Filter>
  </ItemGroup>
  <ItemGroup>
    <ClInclude Include="..\test\googletest\googlemock\include\gmock\gmock-matchers.h">
      <Filter>test\googletest\googlemock\include\gmock</Filter>
    </ClInclude>
    <ClInclude Include="..\test\googletest\googlemock\include\gmock\gmock-generated-nice-strict.h">
      <Filter>test\googletest\googlemock\include\gmock</Filter>
    </ClInclude>
    <ClInclude Include="..\test\googletest\googlemock\include\gmock\gmock-cardinalities.h">
      <Filter>test\googletest\googlemock\include\gmock</Filter>
    </ClInclude>
    <ClInclude Include="..\test\googletest\googlemock\include\gmock\gmock-more-matchers.h">
      <Filter>test\googletest\googlemock\include\gmock</Filter>
    </ClInclude>
    <ClInclude Include="..\test\googletest\googlemock\include\gmock\gmock-generated-actions.h">
      <Filter>test\googletest\googlemock\include\gmock</Filter>
    </ClInclude>
    <ClInclude Include="..\test\googletest\googlemock\include\gmock\gmock-generated-matchers.h">
      <Filter>test\googletest\googlemock\include\gmock</Filter>
    </ClInclude>
    <ClInclude Include="..\test\googletest\googlemock\include\gmock\gmock-more-actions.h">
      <Filter>test\googletest\googlemock\include\gmock</Filter>
    </ClInclude>
    <ClInclude Include="..\test\googletest\googlemock\include\gmock\gmock-spec-builders.h">
      <Filter>test\googletest\googlemock\include\gmock</Filter>
    </ClInclude>
    <ClInclude Include="..\test\googletest\googlemock\include\gmock\gmock.h">
      <Filter>test\googletest\googlemock\include\gmock</Filter>
    </ClInclude>
    <ClInclude Include="..\test\googletest\googlemock\include\gmock\gmock-generated-function-mockers.h">
      <Filter>test\googletest\googlemock\include\gmock</Filter>
    </ClInclude>
    <ClInclude Include="..\test\googletest\googlemock\include\gmock\gmock-actions.h">
      <Filter>test\googletest\googlemock\include\gmock</Filter>
    </ClInclude>
  </ItemGroup>
  <ItemGroup>
    <ClCompile Include="..\test\googletest\googlemock\src\gmock-all.cc">
      <Filter>test\googletest\googlemock\src</Filter>
    </ClCompile>
  </ItemGroup>
</Project>
