<?xml version="1.0" encoding="utf-8"?>
<Project ToolsVersion="16.0" xmlns="http://schemas.microsoft.com/developer/msbuild/2003">
  <ItemGroup>
    <Filter Include="test">
      <UniqueIdentifier>{65689E7C-519F-9F0D-FA8B-8510E6A11B0F}</UniqueIdentifier>
    </Filter>
    <Filter Include="test\googletest">
      <UniqueIdentifier>{3EADE347-AA38-510C-B349-D4001F54AD0C}</UniqueIdentifier>
    </Filter>
    <Filter Include="test\googletest\googletest">
      <UniqueIdentifier>{77982081-63A8-CC51-CC61-3170B890BBEA}</UniqueIdentifier>
    </Filter>
    <Filter Include="test\googletest\googletest\src">
      <UniqueIdentifier>{1B674AD8-078D-143F-F0D2-990ADC97390B}</UniqueIdentifier>
    </Filter>
    <Filter Include="test\googletest\googletest\include">
      <UniqueIdentifier>{77B2302C-63EE-3396-CC00-4C8DB85BDCB0}</UniqueIdentifier>
    </Filter>
    <Filter Include="test\googletest\googletest\include\gtest">
      <UniqueIdentifier>{5A3EE434-46BB-D777-6F38-D88B5B14740B}</UniqueIdentifier>
    </Filter>
  </ItemGroup>
  <ItemGroup>
    <ClInclude Include="..\test\googletest\googletest\include\gtest\gtest.h">
      <Filter>test\googletest\googletest\include\gtest</Filter>
    </ClInclude>
    <ClInclude Include="..\test\googletest\googletest\include\gtest\gtest-message.h">
      <Filter>test\googletest\googletest\include\gtest</Filter>
    </ClInclude>
    <ClInclude Include="..\test\googletest\googletest\include\gtest\gtest-param-test.h">
      <Filter>test\googletest\googletest\include\gtest</Filter>
    </ClInclude>
    <ClInclude Include="..\test\googletest\googletest\include\gtest\gtest-typed-test.h">
      <Filter>test\googletest\googletest\include\gtest</Filter>
    </ClInclude>
    <ClInclude Include="..\test\googletest\googletest\include\gtest\gtest_pred_impl.h">
      <Filter>test\googletest\googletest\include\gtest</Filter>
    </ClInclude>
    <ClInclude Include="..\test\googletest\googletest\include\gtest\gtest-spi.h">
      <Filter>test\googletest\googletest\include\gtest</Filter>
    </ClInclude>
    <ClInclude Include="..\test\googletest\googletest\include\gtest\gtest-death-test.h">
      <Filter>test\googletest\googletest\include\gtest</Filter>
    </ClInclude>
    <ClInclude Include="..\test\googletest\googletest\include\gtest\gtest-printers.h">
      <Filter>test\googletest\googletest\include\gtest</Filter>
    </ClInclude>
    <ClInclude Include="..\test\googletest\googletest\include\gtest\gtest-test-part.h">
      <Filter>test\googletest\googletest\include\gtest</Filter>
    </ClInclude>
    <ClInclude Include="..\test\googletest\googletest\include\gtest\gtest_prod.h">
      <Filter>test\googletest\googletest\include\gtest</Filter>
    </ClInclude>
  </ItemGroup>
  <ItemGroup>
    <ClCompile Include="..\test\googletest\googletest\src\gtest-all.cc">
      <Filter>test\googletest\googletest\src</Filter>
    </ClCompile>
  </ItemGroup>
</Project>
