
Microsoft Visual Studio Solution File, Format Version 12.00
# Visual Studio Version 16
Project("{2150E333-8FDC-42A3-9474-1A3956D46DE8}") = "Spasm", "Spasm", "{9892E17D-8434-0C54-6DEF-1FA8593093A4}"
EndProject
Project("{2150E333-8FDC-42A3-9474-1A3956D46DE8}") = "gtest", "gtest", "{1BAF0A7D-0751-3553-F00B-49A7DC4CBCA3}"
EndProject
Project("{2150E333-8FDC-42A3-9474-1A3956D46DE8}") = "JSImpl", "JSImpl", "{C30B5025-2FEB-CEC0-3803-5A97A4613522}"
EndProject
Project("{8BC9CEB8-8B4A-11D0-8D11-00A0C91BC942}") = "sprun", "..\..\spasm\solution\sprun.vcxproj", "{FD605F10-6975-87C1-32F7-2A219ECA83F2}"
	ProjectSection(ProjectDependencies) = postProject
		{AE0A9E7C-9A41-9F0D-432E-85102F441B0F} = {AE0A9E7C-9A41-9F0D-432E-85102F441B0F}
	EndProjectSection
EndProject
Project("{8BC9CEB8-8B4A-11D0-8D11-00A0C91BC942}") = "Test", "..\test\Test.vcxproj", "{45DC8C7C-3113-8E0D-DAFF-7310C6150A0F}"
	ProjectSection(ProjectDependencies) = postProject
		{19EA680D-85FE-90BE-4E80-341EBA538DEF} = {19EA680D-85FE-90BE-4E80-341EBA538DEF}
		{30B03E7E-1C68-80CB-856F-592771461BBC} = {30B03E7E-1C68-80CB-856F-592771461BBC}
		{3F16CDE1-AB80-8158-F4BE-32FE60685FAD} = {3F16CDE1-AB80-8158-F4BE-32FE60685FAD}
		{AE0A9E7C-9A41-9F0D-432E-85102F441B0F} = {AE0A9E7C-9A41-9F0D-432E-85102F441B0F}
		{B686840F-229B-ACC0-EB1C-502057F0A8F1} = {B686840F-229B-ACC0-EB1C-502057F0A8F1}
		{EC34880F-5849-B0C0-21CB-53208D9EACF1} = {EC34880F-5849-B0C0-21CB-53208D9EACF1}
	EndProjectSection
EndProject
Project("{8BC9CEB8-8B4A-11D0-8D11-00A0C91BC942}") = "gtest", "..\test\gtest.vcxproj", "{EC34880F-5849-B0C0-21CB-53208D9EACF1}"
EndProject
Project("{8BC9CEB8-8B4A-11D0-8D11-00A0C91BC942}") = "gmock", "..\test\gmock.vcxproj", "{B686840F-229B-ACC0-EB1C-502057F0A8F1}"
EndProject
Project("{8BC9CEB8-8B4A-11D0-8D11-00A0C91BC942}") = "gtest_main", "..\test\gtest_main.vcxproj", "{30B03E7E-1C68-80CB-856F-592771461BBC}"
EndProject
Project("{8BC9CEB8-8B4A-11D0-8D11-00A0C91BC942}") = "JSLib", "JSLib.vcxproj", "{19EA680D-85FE-90BE-4E80-341EBA538DEF}"
EndProject
Project("{8BC9CEB8-8B4A-11D0-8D11-00A0C91BC942}") = "JSImpl", "JSImpl.vcxproj", "{549B84BA-403D-AF90-29F8-C2E4153936E1}"
	ProjectSection(ProjectDependencies) = postProject
		{19EA680D-85FE-90BE-4E80-341EBA538DEF} = {19EA680D-85FE-90BE-4E80-341EBA538DEF}
	EndProjectSection
EndProject
Project("{8BC9CEB8-8B4A-11D0-8D11-00A0C91BC942}") = "sprt", "..\..\spasm\solution\sprt.vcxproj", "{AE0A9E7C-9A41-9F0D-432E-85102F441B0F}"
EndProject
Project("{8BC9CEB8-8B4A-11D0-8D11-00A0C91BC942}") = "spasm_lib", "..\..\spasm\solution\spasm_lib.vcxproj", "{3F16CDE1-AB80-8158-F4BE-32FE60685FAD}"
EndProject
Project("{8BC9CEB8-8B4A-11D0-8D11-00A0C91BC942}") = "spasm", "..\..\spasm\solution\spasm.vcxproj", "{69185F10-D52C-87C1-9EAE-2A210A8283F2}"
	ProjectSection(ProjectDependencies) = postProject
		{3F16CDE1-AB80-8158-F4BE-32FE60685FAD} = {3F16CDE1-AB80-8158-F4BE-32FE60685FAD}
	EndProjectSection
EndProject
Global
	GlobalSection(SolutionConfigurationPlatforms) = preSolution
		Debug|Win32 = Debug|Win32
		Debug|x64 = Debug|x64
		Release|Win32 = Release|Win32
		Release|x64 = Release|x64
	EndGlobalSection
	GlobalSection(ProjectConfigurationPlatforms) = postSolution
		{FD605F10-6975-87C1-32F7-2A219ECA83F2}.Debug|Win32.ActiveCfg = Debug|Win32
		{FD605F10-6975-87C1-32F7-2A219ECA83F2}.Debug|Win32.Build.0 = Debug|Win32
		{FD605F10-6975-87C1-32F7-2A219ECA83F2}.Debug|x64.ActiveCfg = Debug|x64
		{FD605F10-6975-87C1-32F7-2A219ECA83F2}.Debug|x64.Build.0 = Debug|x64
		{FD605F10-6975-87C1-32F7-2A219ECA83F2}.Release|Win32.ActiveCfg = Release|Win32
		{FD605F10-6975-87C1-32F7-2A219ECA83F2}.Release|Win32.Build.0 = Release|Win32
		{FD605F10-6975-87C1-32F7-2A219ECA83F2}.Release|x64.ActiveCfg = Release|x64
		{FD605F10-6975-87C1-32F7-2A219ECA83F2}.Release|x64.Build.0 = Release|x64
		{45DC8C7C-3113-8E0D-DAFF-7310C6150A0F}.Debug|Win32.ActiveCfg = Debug|Win32
		{45DC8C7C-3113-8E0D-DAFF-7310C6150A0F}.Debug|Win32.Build.0 = Debug|Win32
		{45DC8C7C-3113-8E0D-DAFF-7310C6150A0F}.Debug|x64.ActiveCfg = Debug|x64
		{45DC8C7C-3113-8E0D-DAFF-7310C6150A0F}.Debug|x64.Build.0 = Debug|x64
		{45DC8C7C-3113-8E0D-DAFF-7310C6150A0F}.Release|Win32.ActiveCfg = Release|Win32
		{45DC8C7C-3113-8E0D-DAFF-7310C6150A0F}.Release|Win32.Build.0 = Release|Win32
		{45DC8C7C-3113-8E0D-DAFF-7310C6150A0F}.Release|x64.ActiveCfg = Release|x64
		{45DC8C7C-3113-8E0D-DAFF-7310C6150A0F}.Release|x64.Build.0 = Release|x64
		{EC34880F-5849-B0C0-21CB-53208D9EACF1}.Debug|Win32.ActiveCfg = Debug|Win32
		{EC34880F-5849-B0C0-21CB-53208D9EACF1}.Debug|Win32.Build.0 = Debug|Win32
		{EC34880F-5849-B0C0-21CB-53208D9EACF1}.Debug|x64.ActiveCfg = Debug|x64
		{EC34880F-5849-B0C0-21CB-53208D9EACF1}.Debug|x64.Build.0 = Debug|x64
		{EC34880F-5849-B0C0-21CB-53208D9EACF1}.Release|Win32.ActiveCfg = Release|Win32
		{EC34880F-5849-B0C0-21CB-53208D9EACF1}.Release|Win32.Build.0 = Release|Win32
		{EC34880F-5849-B0C0-21CB-53208D9EACF1}.Release|x64.ActiveCfg = Release|x64
		{EC34880F-5849-B0C0-21CB-53208D9EACF1}.Release|x64.Build.0 = Release|x64
		{B686840F-229B-ACC0-EB1C-502057F0A8F1}.Debug|Win32.ActiveCfg = Debug|Win32
		{B686840F-229B-ACC0-EB1C-502057F0A8F1}.Debug|Win32.Build.0 = Debug|Win32
		{B686840F-229B-ACC0-EB1C-502057F0A8F1}.Debug|x64.ActiveCfg = Debug|x64
		{B686840F-229B-ACC0-EB1C-502057F0A8F1}.Debug|x64.Build.0 = Debug|x64
		{B686840F-229B-ACC0-EB1C-502057F0A8F1}.Release|Win32.ActiveCfg = Release|Win32
		{B686840F-229B-ACC0-EB1C-502057F0A8F1}.Release|Win32.Build.0 = Release|Win32
		{B686840F-229B-ACC0-EB1C-502057F0A8F1}.Release|x64.ActiveCfg = Release|x64
		{B686840F-229B-ACC0-EB1C-502057F0A8F1}.Release|x64.Build.0 = Release|x64
		{30B03E7E-1C68-80CB-856F-592771461BBC}.Debug|Win32.ActiveCfg = Debug|Win32
		{30B03E7E-1C68-80CB-856F-592771461BBC}.Debug|Win32.Build.0 = Debug|Win32
		{30B03E7E-1C68-80CB-856F-592771461BBC}.Debug|x64.ActiveCfg = Debug|x64
		{30B03E7E-1C68-80CB-856F-592771461BBC}.Debug|x64.Build.0 = Debug|x64
		{30B03E7E-1C68-80CB-856F-592771461BBC}.Release|Win32.ActiveCfg = Release|Win32
		{30B03E7E-1C68-80CB-856F-592771461BBC}.Release|Win32.Build.0 = Release|Win32
		{30B03E7E-1C68-80CB-856F-592771461BBC}.Release|x64.ActiveCfg = Release|x64
		{30B03E7E-1C68-80CB-856F-592771461BBC}.Release|x64.Build.0 = Release|x64
		{19EA680D-85FE-90BE-4E80-341EBA538DEF}.Debug|Win32.ActiveCfg = Debug|Win32
		{19EA680D-85FE-90BE-4E80-341EBA538DEF}.Debug|Win32.Build.0 = Debug|Win32
		{19EA680D-85FE-90BE-4E80-341EBA538DEF}.Debug|x64.ActiveCfg = Debug|x64
		{19EA680D-85FE-90BE-4E80-341EBA538DEF}.Debug|x64.Build.0 = Debug|x64
		{19EA680D-85FE-90BE-4E80-341EBA538DEF}.Release|Win32.ActiveCfg = Release|Win32
		{19EA680D-85FE-90BE-4E80-341EBA538DEF}.Release|Win32.Build.0 = Release|Win32
		{19EA680D-85FE-90BE-4E80-341EBA538DEF}.Release|x64.ActiveCfg = Release|x64
		{19EA680D-85FE-90BE-4E80-341EBA538DEF}.Release|x64.Build.0 = Release|x64
		{549B84BA-403D-AF90-29F8-C2E4153936E1}.Debug|Win32.ActiveCfg = Debug|Win32
		{549B84BA-403D-AF90-29F8-C2E4153936E1}.Debug|Win32.Build.0 = Debug|Win32
		{549B84BA-403D-AF90-29F8-C2E4153936E1}.Debug|x64.ActiveCfg = Debug|x64
		{549B84BA-403D-AF90-29F8-C2E4153936E1}.Debug|x64.Build.0 = Debug|x64
		{549B84BA-403D-AF90-29F8-C2E4153936E1}.Release|Win32.ActiveCfg = Release|Win32
		{549B84BA-403D-AF90-29F8-C2E4153936E1}.Release|Win32.Build.0 = Release|Win32
		{549B84BA-403D-AF90-29F8-C2E4153936E1}.Release|x64.ActiveCfg = Release|x64
		{549B84BA-403D-AF90-29F8-C2E4153936E1}.Release|x64.Build.0 = Release|x64
		{AE0A9E7C-9A41-9F0D-432E-85102F441B0F}.Debug|Win32.ActiveCfg = Debug|Win32
		{AE0A9E7C-9A41-9F0D-432E-85102F441B0F}.Debug|Win32.Build.0 = Debug|Win32
		{AE0A9E7C-9A41-9F0D-432E-85102F441B0F}.Debug|x64.ActiveCfg = Debug|x64
		{AE0A9E7C-9A41-9F0D-432E-85102F441B0F}.Debug|x64.Build.0 = Debug|x64
		{AE0A9E7C-9A41-9F0D-432E-85102F441B0F}.Release|Win32.ActiveCfg = Release|Win32
		{AE0A9E7C-9A41-9F0D-432E-85102F441B0F}.Release|Win32.Build.0 = Release|Win32
		{AE0A9E7C-9A41-9F0D-432E-85102F441B0F}.Release|x64.ActiveCfg = Release|x64
		{AE0A9E7C-9A41-9F0D-432E-85102F441B0F}.Release|x64.Build.0 = Release|x64
		{3F16CDE1-AB80-8158-F4BE-32FE60685FAD}.Debug|Win32.ActiveCfg = Debug|Win32
		{3F16CDE1-AB80-8158-F4BE-32FE60685FAD}.Debug|Win32.Build.0 = Debug|Win32
		{3F16CDE1-AB80-8158-F4BE-32FE60685FAD}.Debug|x64.ActiveCfg = Debug|x64
		{3F16CDE1-AB80-8158-F4BE-32FE60685FAD}.Debug|x64.Build.0 = Debug|x64
		{3F16CDE1-AB80-8158-F4BE-32FE60685FAD}.Release|Win32.ActiveCfg = Release|Win32
		{3F16CDE1-AB80-8158-F4BE-32FE60685FAD}.Release|Win32.Build.0 = Release|Win32
		{3F16CDE1-AB80-8158-F4BE-32FE60685FAD}.Release|x64.ActiveCfg = Release|x64
		{3F16CDE1-AB80-8158-F4BE-32FE60685FAD}.Release|x64.Build.0 = Release|x64
		{69185F10-D52C-87C1-9EAE-2A210A8283F2}.Debug|Win32.ActiveCfg = Debug|Win32
		{69185F10-D52C-87C1-9EAE-2A210A8283F2}.Debug|Win32.Build.0 = Debug|Win32
		{69185F10-D52C-87C1-9EAE-2A210A8283F2}.Debug|x64.ActiveCfg = Debug|x64
		{69185F10-D52C-87C1-9EAE-2A210A8283F2}.Debug|x64.Build.0 = Debug|x64
		{69185F10-D52C-87C1-9EAE-2A210A8283F2}.Release|Win32.ActiveCfg = Release|Win32
		{69185F10-D52C-87C1-9EAE-2A210A8283F2}.Release|Win32.Build.0 = Release|Win32
		{69185F10-D52C-87C1-9EAE-2A210A8283F2}.Release|x64.ActiveCfg = Release|x64
		{69185F10-D52C-87C1-9EAE-2A210A8283F2}.Release|x64.Build.0 = Release|x64
	EndGlobalSection
	GlobalSection(SolutionProperties) = preSolution
		HideSolutionNode = FALSE
	EndGlobalSection
	GlobalSection(NestedProjects) = preSolution
		{FD605F10-6975-87C1-32F7-2A219ECA83F2} = {9892E17D-8434-0C54-6DEF-1FA8593093A4}
		{EC34880F-5849-B0C0-21CB-53208D9EACF1} = {1BAF0A7D-0751-3553-F00B-49A7DC4CBCA3}
		{B686840F-229B-ACC0-EB1C-502057F0A8F1} = {1BAF0A7D-0751-3553-F00B-49A7DC4CBCA3}
		{30B03E7E-1C68-80CB-856F-592771461BBC} = {1BAF0A7D-0751-3553-F00B-49A7DC4CBCA3}
		{19EA680D-85FE-90BE-4E80-341EBA538DEF} = {C30B5025-2FEB-CEC0-3803-5A97A4613522}
		{549B84BA-403D-AF90-29F8-C2E4153936E1} = {C30B5025-2FEB-CEC0-3803-5A97A4613522}
		{AE0A9E7C-9A41-9F0D-432E-85102F441B0F} = {9892E17D-8434-0C54-6DEF-1FA8593093A4}
		{3F16CDE1-AB80-8158-F4BE-32FE60685FAD} = {9892E17D-8434-0C54-6DEF-1FA8593093A4}
		{69185F10-D52C-87C1-9EAE-2A210A8283F2} = {9892E17D-8434-0C54-6DEF-1FA8593093A4}
	EndGlobalSection
EndGlobal
