
Microsoft Visual Studio Solution File, Format Version 12.00
# Visual Studio 14
Project("{8BC9CEB8-8B4A-11D0-8D11-00A0C91BC942}") = "Test", "..\test\Test.vcxproj", "{45DC8C7C-3113-8E0D-DAFF-7310C6150A0F}"
	ProjectSection(ProjectDependencies) = postProject
		{19EA680D-85FE-90BE-4E80-341EBA538DEF} = {19EA680D-85FE-90BE-4E80-341EBA538DEF}
		{EC34880F-5849-B0C0-21CB-53208D9EACF1} = {EC34880F-5849-B0C0-21CB-53208D9EACF1}
		{B686840F-229B-ACC0-EB1C-502057F0A8F1} = {B686840F-229B-ACC0-EB1C-502057F0A8F1}
		{30B03E7E-1C68-80CB-856F-592771461BBC} = {30B03E7E-1C68-80CB-856F-592771461BBC}
	EndProjectSection
EndProject
Project("{8BC9CEB8-8B4A-11D0-8D11-00A0C91BC942}") = "JSLib", "JSLib.vcxproj", "{19EA680D-85FE-90BE-4E80-341EBA538DEF}"
EndProject
Project("{8BC9CEB8-8B4A-11D0-8D11-00A0C91BC942}") = "JSImpl", "JSImpl.vcxproj", "{549B84BA-403D-AF90-29F8-C2E4153936E1}"
	ProjectSection(ProjectDependencies) = postProject
		{19EA680D-85FE-90BE-4E80-341EBA538DEF} = {19EA680D-85FE-90BE-4E80-341EBA538DEF}
	EndProjectSection
EndProject
Project("{8BC9CEB8-8B4A-11D0-8D11-00A0C91BC942}") = "gtest", "..\test\gtest.vcxproj", "{EC34880F-5849-B0C0-21CB-53208D9EACF1}"
EndProject
Project("{8BC9CEB8-8B4A-11D0-8D11-00A0C91BC942}") = "gmock", "..\test\gmock.vcxproj", "{B686840F-229B-ACC0-EB1C-502057F0A8F1}"
EndProject
Project("{8BC9CEB8-8B4A-11D0-8D11-00A0C91BC942}") = "gtest_main", "..\test\gtest_main.vcxproj", "{30B03E7E-1C68-80CB-856F-592771461BBC}"
EndProject
Global
	GlobalSection(SolutionConfigurationPlatforms) = preSolution
		Debug|x64 = Debug|x64
		Release|x64 = Release|x64
	EndGlobalSection
	GlobalSection(ProjectConfigurationPlatforms) = postSolution
		{45DC8C7C-3113-8E0D-DAFF-7310C6150A0F}.Debug|x64.ActiveCfg = Debug|x64
		{45DC8C7C-3113-8E0D-DAFF-7310C6150A0F}.Debug|x64.Build.0 = Debug|x64
		{45DC8C7C-3113-8E0D-DAFF-7310C6150A0F}.Release|x64.ActiveCfg = Release|x64
		{45DC8C7C-3113-8E0D-DAFF-7310C6150A0F}.Release|x64.Build.0 = Release|x64
		{19EA680D-85FE-90BE-4E80-341EBA538DEF}.Debug|x64.ActiveCfg = Debug|x64
		{19EA680D-85FE-90BE-4E80-341EBA538DEF}.Debug|x64.Build.0 = Debug|x64
		{19EA680D-85FE-90BE-4E80-341EBA538DEF}.Release|x64.ActiveCfg = Release|x64
		{19EA680D-85FE-90BE-4E80-341EBA538DEF}.Release|x64.Build.0 = Release|x64
		{549B84BA-403D-AF90-29F8-C2E4153936E1}.Debug|x64.ActiveCfg = Debug|x64
		{549B84BA-403D-AF90-29F8-C2E4153936E1}.Debug|x64.Build.0 = Debug|x64
		{549B84BA-403D-AF90-29F8-C2E4153936E1}.Release|x64.ActiveCfg = Release|x64
		{549B84BA-403D-AF90-29F8-C2E4153936E1}.Release|x64.Build.0 = Release|x64
		{EC34880F-5849-B0C0-21CB-53208D9EACF1}.Debug|x64.ActiveCfg = Debug|x64
		{EC34880F-5849-B0C0-21CB-53208D9EACF1}.Debug|x64.Build.0 = Debug|x64
		{EC34880F-5849-B0C0-21CB-53208D9EACF1}.Release|x64.ActiveCfg = Release|x64
		{EC34880F-5849-B0C0-21CB-53208D9EACF1}.Release|x64.Build.0 = Release|x64
		{B686840F-229B-ACC0-EB1C-502057F0A8F1}.Debug|x64.ActiveCfg = Debug|x64
		{B686840F-229B-ACC0-EB1C-502057F0A8F1}.Debug|x64.Build.0 = Debug|x64
		{B686840F-229B-ACC0-EB1C-502057F0A8F1}.Release|x64.ActiveCfg = Release|x64
		{B686840F-229B-ACC0-EB1C-502057F0A8F1}.Release|x64.Build.0 = Release|x64
		{30B03E7E-1C68-80CB-856F-592771461BBC}.Debug|x64.ActiveCfg = Debug|x64
		{30B03E7E-1C68-80CB-856F-592771461BBC}.Debug|x64.Build.0 = Debug|x64
		{30B03E7E-1C68-80CB-856F-592771461BBC}.Release|x64.ActiveCfg = Release|x64
		{30B03E7E-1C68-80CB-856F-592771461BBC}.Release|x64.Build.0 = Release|x64
	EndGlobalSection
	GlobalSection(SolutionProperties) = preSolution
		HideSolutionNode = FALSE
	EndGlobalSection
	GlobalSection(NestedProjects) = preSolution
	EndGlobalSection
EndGlobal
