<?xml version="1.0" encoding="utf-8"?>
<Project ToolsVersion="16.0" xmlns="http://schemas.microsoft.com/developer/msbuild/2003">
  <ItemGroup>
    <Filter Include="src">
      <UniqueIdentifier>{2DAB880B-99B4-887C-2230-9F7C8E38947C}</UniqueIdentifier>
    </Filter>
  </ItemGroup>
  <ItemGroup>
    <ClInclude Include="..\src\ExpressionVisitor.h">
      <Filter>src</Filter>
    </ClInclude>
    <ClInclude Include="..\src\ExpressionsFwd.h">
      <Filter>src</Filter>
    </ClInclude>
    <ClInclude Include="..\src\ASTPrinter.h">
      <Filter>src</Filter>
    </ClInclude>
    <ClInclude Include="..\src\ASTInterpreter.h">
      <Filter>src</Filter>
    </ClInclude>
    <ClInclude Include="..\src\ExpressionDefinitions.h">
      <Filter>src</Filter>
    </ClInclude>
    <ClInclude Include="..\src\Parser.h">
      <Filter>src</Filter>
    </ClInclude>
    <ClInclude Include="..\src\ByteCodeGenerator.h">
      <Filter>src</Filter>
    </ClInclude>
    <ClInclude Include="..\src\Expression.h">
      <Filter>src</Filter>
    </ClInclude>
    <ClInclude Include="..\src\Lexer.h">
      <Filter>src</Filter>
    </ClInclude>
    <ClInclude Include="..\src\JSONParser.h">
      <Filter>src</Filter>
    </ClInclude>
  </ItemGroup>
  <ItemGroup>
    <ClCompile Include="..\src\ByteCodeGenerator.cpp">
      <Filter>src</Filter>
    </ClCompile>
    <ClCompile Include="..\src\Expression.cpp">
      <Filter>src</Filter>
    </ClCompile>
    <ClCompile Include="..\src\JSONParser.cpp">
      <Filter>src</Filter>
    </ClCompile>
    <ClCompile Include="..\src\Parser.cpp">
      <Filter>src</Filter>
    </ClCompile>
    <ClCompile Include="..\src\ASTInterpreter.cpp">
      <Filter>src</Filter>
    </ClCompile>
    <ClCompile Include="..\src\ASTPrinter.cpp">
      <Filter>src</Filter>
    </ClCompile>
    <ClCompile Include="..\src\Lexer.cpp">
      <Filter>src</Filter>
    </ClCompile>
  </ItemGroup>
</Project>